
Microsoft Visual Studio Solution File, Format Version 12.00
# Visual Studio Version 17
VisualStudioVersion = 17.11.35431.28
MinimumVisualStudioVersion = 10.0.40219.1
Project("{FAE04EC0-301F-11D3-BF4B-00C04F79EFBC}") = "DatabaseQueryAPI", "DatabaseQueryAPI\DatabaseQueryAPI.csproj", "{D49E93D2-65A5-40E8-8292-FC1DB0D6421B}"
EndProject
Global
	GlobalSection(SolutionConfigurationPlatforms) = preSolution
		Debug|Any CPU = Debug|Any CPU
		Release|Any CPU = Release|Any CPU
	EndGlobalSection
	GlobalSection(ProjectConfigurationPlatforms) = postSolution
		{D49E93D2-65A5-40E8-8292-FC1DB0D6421B}.Debug|Any CPU.ActiveCfg = Debug|Any CPU
		{D49E93D2-65A5-40E8-8292-FC1DB0D6421B}.Debug|Any CPU.Build.0 = Debug|Any CPU
		{D49E93D2-65A5-40E8-8292-FC1DB0D6421B}.Release|Any CPU.ActiveCfg = Release|Any CPU
		{D49E93D2-65A5-40E8-8292-FC1DB0D6421B}.Release|Any CPU.Build.0 = Release|Any CPU
	EndGlobalSection
	GlobalSection(SolutionProperties) = preSolution
		HideSolutionNode = FALSE
	EndGlobalSection
	GlobalSection(ExtensibilityGlobals) = postSolution
		SolutionGuid = {0403919D-FF80-41A1-990E-03C32CC17A25}
	EndGlobalSection
EndGlobal
